
Microsoft Visual Studio Solution File, Format Version 12.00
# Visual Studio Version 16
VisualStudioVersion = 16.0.31321.278
MinimumVisualStudioVersion = 10.0.40219.1
Project("{8BC9CEB8-8B4A-11D0-8D11-00A0C91BC942}") = "IntoductionyoOOP", "IntoductionyoOOP\IntoductionyoOOP.vcxproj", "{6C33555B-568E-4C76-B4EA-0A7F5A133B25}"
EndProject
Project("{8BC9CEB8-8B4A-11D0-8D11-00A0C91BC942}") = "Fraction", "..\Fraction\Fraction.vcxproj", "{F89EC1F1-3ACD-4CB1-929E-844F7F0BE1BD}"
EndProject
Project("{8BC9CEB8-8B4A-11D0-8D11-00A0C91BC942}") = "String", "String\String.vcxproj", "{35C8FFF0-D901-4135-9ABC-C55ED7533DA3}"
EndProject
Global
	GlobalSection(SolutionConfigurationPlatforms) = preSolution
		Debug|x64 = Debug|x64
		Debug|x86 = Debug|x86
		Release|x64 = Release|x64
		Release|x86 = Release|x86
	EndGlobalSection
	GlobalSection(ProjectConfigurationPlatforms) = postSolution
		{6C33555B-568E-4C76-B4EA-0A7F5A133B25}.Debug|x64.ActiveCfg = Debug|x64
		{6C33555B-568E-4C76-B4EA-0A7F5A133B25}.Debug|x64.Build.0 = Debug|x64
		{6C33555B-568E-4C76-B4EA-0A7F5A133B25}.Debug|x86.ActiveCfg = Debug|Win32
		{6C33555B-568E-4C76-B4EA-0A7F5A133B25}.Debug|x86.Build.0 = Debug|Win32
		{6C33555B-568E-4C76-B4EA-0A7F5A133B25}.Release|x64.ActiveCfg = Release|x64
		{6C33555B-568E-4C76-B4EA-0A7F5A133B25}.Release|x64.Build.0 = Release|x64
		{6C33555B-568E-4C76-B4EA-0A7F5A133B25}.Release|x86.ActiveCfg = Release|Win32
		{6C33555B-568E-4C76-B4EA-0A7F5A133B25}.Release|x86.Build.0 = Release|Win32
		{F89EC1F1-3ACD-4CB1-929E-844F7F0BE1BD}.Debug|x64.ActiveCfg = Debug|x64
		{F89EC1F1-3ACD-4CB1-929E-844F7F0BE1BD}.Debug|x64.Build.0 = Debug|x64
		{F89EC1F1-3ACD-4CB1-929E-844F7F0BE1BD}.Debug|x86.ActiveCfg = Debug|Win32
		{F89EC1F1-3ACD-4CB1-929E-844F7F0BE1BD}.Debug|x86.Build.0 = Debug|Win32
		{F89EC1F1-3ACD-4CB1-929E-844F7F0BE1BD}.Release|x64.ActiveCfg = Release|x64
		{F89EC1F1-3ACD-4CB1-929E-844F7F0BE1BD}.Release|x64.Build.0 = Release|x64
		{F89EC1F1-3ACD-4CB1-929E-844F7F0BE1BD}.Release|x86.ActiveCfg = Release|Win32
		{F89EC1F1-3ACD-4CB1-929E-844F7F0BE1BD}.Release|x86.Build.0 = Release|Win32
		{35C8FFF0-D901-4135-9ABC-C55ED7533DA3}.Debug|x64.ActiveCfg = Debug|x64
		{35C8FFF0-D901-4135-9ABC-C55ED7533DA3}.Debug|x64.Build.0 = Debug|x64
		{35C8FFF0-D901-4135-9ABC-C55ED7533DA3}.Debug|x86.ActiveCfg = Debug|Win32
		{35C8FFF0-D901-4135-9ABC-C55ED7533DA3}.Debug|x86.Build.0 = Debug|Win32
		{35C8FFF0-D901-4135-9ABC-C55ED7533DA3}.Release|x64.ActiveCfg = Release|x64
		{35C8FFF0-D901-4135-9ABC-C55ED7533DA3}.Release|x64.Build.0 = Release|x64
		{35C8FFF0-D901-4135-9ABC-C55ED7533DA3}.Release|x86.ActiveCfg = Release|Win32
		{35C8FFF0-D901-4135-9ABC-C55ED7533DA3}.Release|x86.Build.0 = Release|Win32
	EndGlobalSection
	GlobalSection(SolutionProperties) = preSolution
		HideSolutionNode = FALSE
	EndGlobalSection
	GlobalSection(ExtensibilityGlobals) = postSolution
		SolutionGuid = {DCBFDDFD-E87C-47C1-B559-086722FD5B0F}
	EndGlobalSection
EndGlobal
